Microsoft Visual Studio Solution File, Format Version 12.00
# Visual Studio Version 17
VisualStudioVersion = 17.5.2.0
MinimumVisualStudioVersion = 10.0.40219.1
Project("{FAE04EC0-301F-11D3-BF4B-00C04F79EFBC}") = "for", "for.csproj", "{497D4B3E-9523-6AB5-EBE2-60241789BE9C}"
EndProject
Global
	GlobalSection(SolutionConfigurationPlatforms) = preSolution
		Debug|Any CPU = Debug|Any CPU
		Release|Any CPU = Release|Any CPU
	EndGlobalSection
	GlobalSection(ProjectConfigurationPlatforms) = postSolution
		{497D4B3E-9523-6AB5-EBE2-60241789BE9C}.Debug|Any CPU.ActiveCfg = Debug|Any CPU
		{497D4B3E-9523-6AB5-EBE2-60241789BE9C}.Debug|Any CPU.Build.0 = Debug|Any CPU
		{497D4B3E-9523-6AB5-EBE2-60241789BE9C}.Release|Any CPU.ActiveCfg = Release|Any CPU
		{497D4B3E-9523-6AB5-EBE2-60241789BE9C}.Release|Any CPU.Build.0 = Release|Any CPU
	EndGlobalSection
	GlobalSection(SolutionProperties) = preSolution
		HideSolutionNode = FALSE
	EndGlobalSection
	GlobalSection(ExtensibilityGlobals) = postSolution
		SolutionGuid = {5BC41CD4-072D-4222-911B-725A4B1B4404}
	EndGlobalSection
EndGlobal
