Microsoft Visual Studio Solution File, Format Version 12.00
# Visual Studio Version 17
VisualStudioVersion = 17.5.2.0
MinimumVisualStudioVersion = 10.0.40219.1
Project("{FAE04EC0-301F-11D3-BF4B-00C04F79EFBC}") = "for3", "for3.csproj", "{EB9EAA4B-7BE0-8466-DE7A-E714F622FABC}"
EndProject
Global
	GlobalSection(SolutionConfigurationPlatforms) = preSolution
		Debug|Any CPU = Debug|Any CPU
		Release|Any CPU = Release|Any CPU
	EndGlobalSection
	GlobalSection(ProjectConfigurationPlatforms) = postSolution
		{EB9EAA4B-7BE0-8466-DE7A-E714F622FABC}.Debug|Any CPU.ActiveCfg = Debug|Any CPU
		{EB9EAA4B-7BE0-8466-DE7A-E714F622FABC}.Debug|Any CPU.Build.0 = Debug|Any CPU
		{EB9EAA4B-7BE0-8466-DE7A-E714F622FABC}.Release|Any CPU.ActiveCfg = Release|Any CPU
		{EB9EAA4B-7BE0-8466-DE7A-E714F622FABC}.Release|Any CPU.Build.0 = Release|Any CPU
	EndGlobalSection
	GlobalSection(SolutionProperties) = preSolution
		HideSolutionNode = FALSE
	EndGlobalSection
	GlobalSection(ExtensibilityGlobals) = postSolution
		SolutionGuid = {315A20DF-E4AD-4553-83FE-0DB73F58399F}
	EndGlobalSection
EndGlobal
