Microsoft Visual Studio Solution File, Format Version 12.00
# Visual Studio Version 17
VisualStudioVersion = 17.5.2.0
MinimumVisualStudioVersion = 10.0.40219.1
Project("{FAE04EC0-301F-11D3-BF4B-00C04F79EFBC}") = "for4", "for4.csproj", "{E912A634-D406-8149-B71E-5595354CBA2B}"
EndProject
Global
	GlobalSection(SolutionConfigurationPlatforms) = preSolution
		Debug|Any CPU = Debug|Any CPU
		Release|Any CPU = Release|Any CPU
	EndGlobalSection
	GlobalSection(ProjectConfigurationPlatforms) = postSolution
		{E912A634-D406-8149-B71E-5595354CBA2B}.Debug|Any CPU.ActiveCfg = Debug|Any CPU
		{E912A634-D406-8149-B71E-5595354CBA2B}.Debug|Any CPU.Build.0 = Debug|Any CPU
		{E912A634-D406-8149-B71E-5595354CBA2B}.Release|Any CPU.ActiveCfg = Release|Any CPU
		{E912A634-D406-8149-B71E-5595354CBA2B}.Release|Any CPU.Build.0 = Release|Any CPU
	EndGlobalSection
	GlobalSection(SolutionProperties) = preSolution
		HideSolutionNode = FALSE
	EndGlobalSection
	GlobalSection(ExtensibilityGlobals) = postSolution
		SolutionGuid = {D7507B4E-57DA-458F-91D2-4478E1B64CF3}
	EndGlobalSection
EndGlobal
